<Solution>
  <Project Path="../../../SemanticKernelLib/SemanticKernelSamples/VideoComposer/VideoComposerLib/VideoComposerLib.csproj" />
  <Project Path="../../../SemanticKernelLib/SemanticKernelSamples/VolcEngineSdk/VolcEngineSdk/VolcEngineSdk.csproj" />
  <Project Path="KadefihalldokaiChairwedone/KadefihalldokaiChairwedone.csproj" />
  <Project Path="SpeechcigukeKallhehallyewo/SpeechcigukeKallhehallyewo.csproj" />
</Solution>
